
Microsoft Visual Studio Solution File, Format Version 12.00
# Visual Studio Version 17
VisualStudioVersion = 17.3.32922.545
MinimumVisualStudioVersion = 10.0.40219.1
Project("{FAE04EC0-301F-11D3-BF4B-00C04F79EFBC}") = "TEST", "TEST.csproj", "{CA791F4B-6A00-4BC2-BF11-0FD0EA179869}"
EndProject
Global
	GlobalSection(SolutionConfigurationPlatforms) = preSolution
		Debug|Any CPU = Debug|Any CPU
		Release|Any CPU = Release|Any CPU
	EndGlobalSection
	GlobalSection(ProjectConfigurationPlatforms) = postSolution
		{CA791F4B-6A00-4BC2-BF11-0FD0EA179869}.Debug|Any CPU.ActiveCfg = Debug|Any CPU
		{CA791F4B-6A00-4BC2-BF11-0FD0EA179869}.Debug|Any CPU.Build.0 = Debug|Any CPU
		{CA791F4B-6A00-4BC2-BF11-0FD0EA179869}.Release|Any CPU.ActiveCfg = Release|Any CPU
		{CA791F4B-6A00-4BC2-BF11-0FD0EA179869}.Release|Any CPU.Build.0 = Release|Any CPU
	EndGlobalSection
	GlobalSection(SolutionProperties) = preSolution
		HideSolutionNode = FALSE
	EndGlobalSection
	GlobalSection(ExtensibilityGlobals) = postSolution
		SolutionGuid = {68E61F2C-5E32-4B7A-8A15-4F73A491D98D}
	EndGlobalSection
EndGlobal
